# This file is automatically @generated by Cargo.
# It is not intended for manual editing.
version = 4

[[package]]
name = "dep_leaf"
version = "0.1.0"
dependencies = [
 "ryu",
]

[[package]]
name = "member_bar"
version = "0.1.0"
dependencies = [
 "dep_leaf",
]

[[package]]
name = "member_foo"
version = "0.1.0"
dependencies = [
 "member_bar",
]

[[package]]
name = "ryu"
version = "1.0.20"
source = "registry+https://github.com/rust-lang/crates.io-index"
checksum = "28d3b2b1366ec20994f1fd18c3c594f05c5dd4bc44d8bb0c1c632c8d6829481f"
